
Microsoft Visual Studio Solution File, Format Version 12.00
# Visual Studio Version 16
VisualStudioVersion = 16.0.30804.86
MinimumVisualStudioVersion = 10.0.40219.1
Project("{FAE04EC0-301F-11D3-BF4B-00C04F79EFBC}") = "San Andreas Coordinate Teleporter", "San Andreas Coordinate Teleporter.csproj", "{1D611FD7-D35B-459E-99CA-D3D69A788F86}"
EndProject
Global
	GlobalSection(SolutionConfigurationPlatforms) = preSolution
		Debug|Any CPU = Debug|Any CPU
		Release|Any CPU = Release|Any CPU
	EndGlobalSection
	GlobalSection(ProjectConfigurationPlatforms) = postSolution
		{1D611FD7-D35B-459E-99CA-D3D69A788F86}.Debug|Any CPU.ActiveCfg = Debug|Any CPU
		{1D611FD7-D35B-459E-99CA-D3D69A788F86}.Debug|Any CPU.Build.0 = Debug|Any CPU
		{1D611FD7-D35B-459E-99CA-D3D69A788F86}.Release|Any CPU.ActiveCfg = Release|Any CPU
		{1D611FD7-D35B-459E-99CA-D3D69A788F86}.Release|Any CPU.Build.0 = Release|Any CPU
	EndGlobalSection
	GlobalSection(SolutionProperties) = preSolution
		HideSolutionNode = FALSE
	EndGlobalSection
	GlobalSection(ExtensibilityGlobals) = postSolution
		SolutionGuid = {3E016265-8C8F-4242-83EE-E34371F74A5B}
	EndGlobalSection
EndGlobal
